
Microsoft Visual Studio Solution File, Format Version 12.00
# Visual Studio 15
VisualStudioVersion = 15.0.26124.0
MinimumVisualStudioVersion = 15.0.26124.0
Project("{2150E333-8FDC-42A3-9474-1A3956D46DE8}") = "src", "src", "{E98929FA-7AE9-4690-9ECD-CE9DD8BCAA00}"
EndProject
Project("{FAE04EC0-301F-11D3-BF4B-00C04F79EFBC}") = "MicroElements.Functional", "src\MicroElements.Functional\MicroElements.Functional.csproj", "{70D3D67D-E619-418C-ADC9-AD584C560B65}"
EndProject
Project("{2150E333-8FDC-42A3-9474-1A3956D46DE8}") = "test", "test", "{85286AD6-3C34-40B9-953B-EB32BF4C34F3}"
EndProject
Project("{FAE04EC0-301F-11D3-BF4B-00C04F79EFBC}") = "MicroElements.Functional.Tests", "test\MicroElements.Functional.Tests\MicroElements.Functional.Tests.csproj", "{7975A356-0381-4B78-A34B-2E39785442F7}"
EndProject
Global
	GlobalSection(SolutionConfigurationPlatforms) = preSolution
		Debug|Any CPU = Debug|Any CPU
		Debug|x64 = Debug|x64
		Debug|x86 = Debug|x86
		Release|Any CPU = Release|Any CPU
		Release|x64 = Release|x64
		Release|x86 = Release|x86
	EndGlobalSection
	GlobalSection(SolutionProperties) = preSolution
		HideSolutionNode = FALSE
	EndGlobalSection
	GlobalSection(ProjectConfigurationPlatforms) = postSolution
		{70D3D67D-E619-418C-ADC9-AD584C560B65}.Debug|Any CPU.ActiveCfg = Debug|Any CPU
		{70D3D67D-E619-418C-ADC9-AD584C560B65}.Debug|Any CPU.Build.0 = Debug|Any CPU
		{70D3D67D-E619-418C-ADC9-AD584C560B65}.Debug|x64.ActiveCfg = Debug|Any CPU
		{70D3D67D-E619-418C-ADC9-AD584C560B65}.Debug|x64.Build.0 = Debug|Any CPU
		{70D3D67D-E619-418C-ADC9-AD584C560B65}.Debug|x86.ActiveCfg = Debug|Any CPU
		{70D3D67D-E619-418C-ADC9-AD584C560B65}.Debug|x86.Build.0 = Debug|Any CPU
		{70D3D67D-E619-418C-ADC9-AD584C560B65}.Release|Any CPU.ActiveCfg = Release|Any CPU
		{70D3D67D-E619-418C-ADC9-AD584C560B65}.Release|Any CPU.Build.0 = Release|Any CPU
		{70D3D67D-E619-418C-ADC9-AD584C560B65}.Release|x64.ActiveCfg = Release|Any CPU
		{70D3D67D-E619-418C-ADC9-AD584C560B65}.Release|x64.Build.0 = Release|Any CPU
		{70D3D67D-E619-418C-ADC9-AD584C560B65}.Release|x86.ActiveCfg = Release|Any CPU
		{70D3D67D-E619-418C-ADC9-AD584C560B65}.Release|x86.Build.0 = Release|Any CPU
		{7975A356-0381-4B78-A34B-2E39785442F7}.Debug|Any CPU.ActiveCfg = Debug|Any CPU
		{7975A356-0381-4B78-A34B-2E39785442F7}.Debug|Any CPU.Build.0 = Debug|Any CPU
		{7975A356-0381-4B78-A34B-2E39785442F7}.Debug|x64.ActiveCfg = Debug|Any CPU
		{7975A356-0381-4B78-A34B-2E39785442F7}.Debug|x64.Build.0 = Debug|Any CPU
		{7975A356-0381-4B78-A34B-2E39785442F7}.Debug|x86.ActiveCfg = Debug|Any CPU
		{7975A356-0381-4B78-A34B-2E39785442F7}.Debug|x86.Build.0 = Debug|Any CPU
		{7975A356-0381-4B78-A34B-2E39785442F7}.Release|Any CPU.ActiveCfg = Release|Any CPU
		{7975A356-0381-4B78-A34B-2E39785442F7}.Release|Any CPU.Build.0 = Release|Any CPU
		{7975A356-0381-4B78-A34B-2E39785442F7}.Release|x64.ActiveCfg = Release|Any CPU
		{7975A356-0381-4B78-A34B-2E39785442F7}.Release|x64.Build.0 = Release|Any CPU
		{7975A356-0381-4B78-A34B-2E39785442F7}.Release|x86.ActiveCfg = Release|Any CPU
		{7975A356-0381-4B78-A34B-2E39785442F7}.Release|x86.Build.0 = Release|Any CPU
	EndGlobalSection
	GlobalSection(NestedProjects) = preSolution
		{70D3D67D-E619-418C-ADC9-AD584C560B65} = {E98929FA-7AE9-4690-9ECD-CE9DD8BCAA00}
		{7975A356-0381-4B78-A34B-2E39785442F7} = {85286AD6-3C34-40B9-953B-EB32BF4C34F3}
	EndGlobalSection
EndGlobal
